
Microsoft Visual Studio Solution File, Format Version 12.00
# Visual Studio Version 16
VisualStudioVersion = 16.0.30114.105
MinimumVisualStudioVersion = 10.0.40219.1
Project("{FAE04EC0-301F-11D3-BF4B-00C04F79EFBC}") = "API", "API\API.csproj", "{56415AE7-039F-47C4-8774-C34D4BA3BCBC}"
EndProject
Project("{FAE04EC0-301F-11D3-BF4B-00C04F79EFBC}") = "Application", "Application\Application.csproj", "{3A06B7A7-1BC1-48D4-B319-37775E861CFB}"
EndProject
Project("{FAE04EC0-301F-11D3-BF4B-00C04F79EFBC}") = "Persistence", "Persistence\Persistence.csproj", "{C012F861-C40E-47F4-9B4D-2FDF15E9109F}"
EndProject
Project("{FAE04EC0-301F-11D3-BF4B-00C04F79EFBC}") = "Domain", "Domain\Domain.csproj", "{11FE1CB1-F59E-4A51-A94F-4FA97F7C84B5}"
EndProject
Global
	GlobalSection(SolutionConfigurationPlatforms) = preSolution
		Debug|Any CPU = Debug|Any CPU
		Debug|x64 = Debug|x64
		Debug|x86 = Debug|x86
		Release|Any CPU = Release|Any CPU
		Release|x64 = Release|x64
		Release|x86 = Release|x86
	EndGlobalSection
	GlobalSection(SolutionProperties) = preSolution
		HideSolutionNode = FALSE
	EndGlobalSection
	GlobalSection(ProjectConfigurationPlatforms) = postSolution
		{56415AE7-039F-47C4-8774-C34D4BA3BCBC}.Debug|Any CPU.ActiveCfg = Debug|Any CPU
		{56415AE7-039F-47C4-8774-C34D4BA3BCBC}.Debug|Any CPU.Build.0 = Debug|Any CPU
		{56415AE7-039F-47C4-8774-C34D4BA3BCBC}.Debug|x64.ActiveCfg = Debug|Any CPU
		{56415AE7-039F-47C4-8774-C34D4BA3BCBC}.Debug|x64.Build.0 = Debug|Any CPU
		{56415AE7-039F-47C4-8774-C34D4BA3BCBC}.Debug|x86.ActiveCfg = Debug|Any CPU
		{56415AE7-039F-47C4-8774-C34D4BA3BCBC}.Debug|x86.Build.0 = Debug|Any CPU
		{56415AE7-039F-47C4-8774-C34D4BA3BCBC}.Release|Any CPU.ActiveCfg = Release|Any CPU
		{56415AE7-039F-47C4-8774-C34D4BA3BCBC}.Release|Any CPU.Build.0 = Release|Any CPU
		{56415AE7-039F-47C4-8774-C34D4BA3BCBC}.Release|x64.ActiveCfg = Release|Any CPU
		{56415AE7-039F-47C4-8774-C34D4BA3BCBC}.Release|x64.Build.0 = Release|Any CPU
		{56415AE7-039F-47C4-8774-C34D4BA3BCBC}.Release|x86.ActiveCfg = Release|Any CPU
		{56415AE7-039F-47C4-8774-C34D4BA3BCBC}.Release|x86.Build.0 = Release|Any CPU
		{3A06B7A7-1BC1-48D4-B319-37775E861CFB}.Debug|Any CPU.ActiveCfg = Debug|Any CPU
		{3A06B7A7-1BC1-48D4-B319-37775E861CFB}.Debug|Any CPU.Build.0 = Debug|Any CPU
		{3A06B7A7-1BC1-48D4-B319-37775E861CFB}.Debug|x64.ActiveCfg = Debug|Any CPU
		{3A06B7A7-1BC1-48D4-B319-37775E861CFB}.Debug|x64.Build.0 = Debug|Any CPU
		{3A06B7A7-1BC1-48D4-B319-37775E861CFB}.Debug|x86.ActiveCfg = Debug|Any CPU
		{3A06B7A7-1BC1-48D4-B319-37775E861CFB}.Debug|x86.Build.0 = Debug|Any CPU
		{3A06B7A7-1BC1-48D4-B319-37775E861CFB}.Release|Any CPU.ActiveCfg = Release|Any CPU
		{3A06B7A7-1BC1-48D4-B319-37775E861CFB}.Release|Any CPU.Build.0 = Release|Any CPU
		{3A06B7A7-1BC1-48D4-B319-37775E861CFB}.Release|x64.ActiveCfg = Release|Any CPU
		{3A06B7A7-1BC1-48D4-B319-37775E861CFB}.Release|x64.Build.0 = Release|Any CPU
		{3A06B7A7-1BC1-48D4-B319-37775E861CFB}.Release|x86.ActiveCfg = Release|Any CPU
		{3A06B7A7-1BC1-48D4-B319-37775E861CFB}.Release|x86.Build.0 = Release|Any CPU
		{C012F861-C40E-47F4-9B4D-2FDF15E9109F}.Debug|Any CPU.ActiveCfg = Debug|Any CPU
		{C012F861-C40E-47F4-9B4D-2FDF15E9109F}.Debug|Any CPU.Build.0 = Debug|Any CPU
		{C012F861-C40E-47F4-9B4D-2FDF15E9109F}.Debug|x64.ActiveCfg = Debug|Any CPU
		{C012F861-C40E-47F4-9B4D-2FDF15E9109F}.Debug|x64.Build.0 = Debug|Any CPU
		{C012F861-C40E-47F4-9B4D-2FDF15E9109F}.Debug|x86.ActiveCfg = Debug|Any CPU
		{C012F861-C40E-47F4-9B4D-2FDF15E9109F}.Debug|x86.Build.0 = Debug|Any CPU
		{C012F861-C40E-47F4-9B4D-2FDF15E9109F}.Release|Any CPU.ActiveCfg = Release|Any CPU
		{C012F861-C40E-47F4-9B4D-2FDF15E9109F}.Release|Any CPU.Build.0 = Release|Any CPU
		{C012F861-C40E-47F4-9B4D-2FDF15E9109F}.Release|x64.ActiveCfg = Release|Any CPU
		{C012F861-C40E-47F4-9B4D-2FDF15E9109F}.Release|x64.Build.0 = Release|Any CPU
		{C012F861-C40E-47F4-9B4D-2FDF15E9109F}.Release|x86.ActiveCfg = Release|Any CPU
		{C012F861-C40E-47F4-9B4D-2FDF15E9109F}.Release|x86.Build.0 = Release|Any CPU
		{11FE1CB1-F59E-4A51-A94F-4FA97F7C84B5}.Debug|Any CPU.ActiveCfg = Debug|Any CPU
		{11FE1CB1-F59E-4A51-A94F-4FA97F7C84B5}.Debug|Any CPU.Build.0 = Debug|Any CPU
		{11FE1CB1-F59E-4A51-A94F-4FA97F7C84B5}.Debug|x64.ActiveCfg = Debug|Any CPU
		{11FE1CB1-F59E-4A51-A94F-4FA97F7C84B5}.Debug|x64.Build.0 = Debug|Any CPU
		{11FE1CB1-F59E-4A51-A94F-4FA97F7C84B5}.Debug|x86.ActiveCfg = Debug|Any CPU
		{11FE1CB1-F59E-4A51-A94F-4FA97F7C84B5}.Debug|x86.Build.0 = Debug|Any CPU
		{11FE1CB1-F59E-4A51-A94F-4FA97F7C84B5}.Release|Any CPU.ActiveCfg = Release|Any CPU
		{11FE1CB1-F59E-4A51-A94F-4FA97F7C84B5}.Release|Any CPU.Build.0 = Release|Any CPU
		{11FE1CB1-F59E-4A51-A94F-4FA97F7C84B5}.Release|x64.ActiveCfg = Release|Any CPU
		{11FE1CB1-F59E-4A51-A94F-4FA97F7C84B5}.Release|x64.Build.0 = Release|Any CPU
		{11FE1CB1-F59E-4A51-A94F-4FA97F7C84B5}.Release|x86.ActiveCfg = Release|Any CPU
		{11FE1CB1-F59E-4A51-A94F-4FA97F7C84B5}.Release|x86.Build.0 = Release|Any CPU
	EndGlobalSection
EndGlobal
